{
  "object": {
    "pins": [
      {
        "package": "LBTATools",
        "repositoryURL": "https://github.com/bhlvoong/LBTATools.git",
        "state": {
          "branch": null,
          "revision": "dce147bfbdc0417a4b430ec220c088629e9dc81d",
          "version": "1.0.17"
        }
      },
      {
        "package": "SDWebImage",
        "repositoryURL": "https://github.com/SDWebImage/SDWebImage.git",
        "state": {
          "branch": null,
          "revision": "76dd4b49110b8624317fc128e7fa0d8a252018bc",
          "version": "5.11.1"
        }
      },
      {
        "package": "SDWebImageSwiftUI",
        "repositoryURL": "https://github.com/SDWebImage/SDWebImageSwiftUI.git",
        "state": {
          "branch": null,
          "revision": "cd8625b7cf11a97698e180d28bb7d5d357196678",
          "version": "2.0.2"
        }
      },
      {
        "package": "SnapshotTesting",
        "repositoryURL": "https://github.com/pointfreeco/swift-snapshot-testing.git",
        "state": {
          "branch": null,
          "revision": "f8a9c997c3c1dab4e216a8ec9014e23144cbab37",
          "version": "1.9.0"
        }
      },
      {
        "package": "CardStack",
        "repositoryURL": "https://github.com/dadalar/SwiftUI-CardStackView.git",
        "state": {
          "branch": null,
          "revision": "30f1b5d72a9c9e200080590e10eec852073487c1",
          "version": "0.0.5"
        }
      },
      {
        "package": "SwiftUI-Shimmer",
        "repositoryURL": "https://github.com/markiv/SwiftUI-Shimmer",
        "state": {
          "branch": null,
          "revision": "61411771350a5a4e96666a8a202ae4b2be327a2b",
          "version": "1.0.1"
        }
      }
    ]
  },
  "version": 1
}
